
Microsoft Visual Studio Solution File, Format Version 12.00
# Visual Studio Version 16
VisualStudioVersion = 16.0.28803.452
MinimumVisualStudioVersion = 10.0.40219.1
Project("{9A19103F-16F7-4668-BE54-9A1E7A4F7556}") = "BookStore.Web", "BookStore\BookStore.Web.csproj", "{83C30888-BAFC-4E66-A39A-7A683F2D99EB}"
EndProject
Project("{9A19103F-16F7-4668-BE54-9A1E7A4F7556}") = "BookStore.Data", "BookStore.Data\BookStore.Data.csproj", "{EDE31A0D-74D7-464B-BAD0-B8F5EBCE2C7D}"
EndProject
Project("{9A19103F-16F7-4668-BE54-9A1E7A4F7556}") = "BookStore.Domain", "BookStore.Domain\BookStore.Domain.csproj", "{EBFD6F92-9B5A-432E-91FA-1EC7FEE1B91A}"
EndProject
Project("{9A19103F-16F7-4668-BE54-9A1E7A4F7556}") = "BookStore.Services.Mapping", "BookStore.Services.Mapping\BookStore.Services.Mapping.csproj", "{0D16A3F5-BD73-4D09-BF06-4A1F5FA46AF2}"
EndProject
Project("{9A19103F-16F7-4668-BE54-9A1E7A4F7556}") = "BookStore.Services", "BookStore.Services\BookStore.Services.csproj", "{5DF48237-6A01-4FD3-9226-2AF13D65CB79}"
EndProject
Project("{FAE04EC0-301F-11D3-BF4B-00C04F79EFBC}") = "BookStore.Tests", "BookStore.Tests\BookStore.Tests.csproj", "{DE7AF232-855E-4232-81D5-49894FE55C73}"
EndProject
Global
	GlobalSection(SolutionConfigurationPlatforms) = preSolution
		Debug|Any CPU = Debug|Any CPU
		Release|Any CPU = Release|Any CPU
	EndGlobalSection
	GlobalSection(ProjectConfigurationPlatforms) = postSolution
		{83C30888-BAFC-4E66-A39A-7A683F2D99EB}.Debug|Any CPU.ActiveCfg = Debug|Any CPU
		{83C30888-BAFC-4E66-A39A-7A683F2D99EB}.Debug|Any CPU.Build.0 = Debug|Any CPU
		{83C30888-BAFC-4E66-A39A-7A683F2D99EB}.Release|Any CPU.ActiveCfg = Release|Any CPU
		{83C30888-BAFC-4E66-A39A-7A683F2D99EB}.Release|Any CPU.Build.0 = Release|Any CPU
		{EDE31A0D-74D7-464B-BAD0-B8F5EBCE2C7D}.Debug|Any CPU.ActiveCfg = Debug|Any CPU
		{EDE31A0D-74D7-464B-BAD0-B8F5EBCE2C7D}.Debug|Any CPU.Build.0 = Debug|Any CPU
		{EDE31A0D-74D7-464B-BAD0-B8F5EBCE2C7D}.Release|Any CPU.ActiveCfg = Release|Any CPU
		{EDE31A0D-74D7-464B-BAD0-B8F5EBCE2C7D}.Release|Any CPU.Build.0 = Release|Any CPU
		{EBFD6F92-9B5A-432E-91FA-1EC7FEE1B91A}.Debug|Any CPU.ActiveCfg = Debug|Any CPU
		{EBFD6F92-9B5A-432E-91FA-1EC7FEE1B91A}.Debug|Any CPU.Build.0 = Debug|Any CPU
		{EBFD6F92-9B5A-432E-91FA-1EC7FEE1B91A}.Release|Any CPU.ActiveCfg = Release|Any CPU
		{EBFD6F92-9B5A-432E-91FA-1EC7FEE1B91A}.Release|Any CPU.Build.0 = Release|Any CPU
		{0D16A3F5-BD73-4D09-BF06-4A1F5FA46AF2}.Debug|Any CPU.ActiveCfg = Debug|Any CPU
		{0D16A3F5-BD73-4D09-BF06-4A1F5FA46AF2}.Debug|Any CPU.Build.0 = Debug|Any CPU
		{0D16A3F5-BD73-4D09-BF06-4A1F5FA46AF2}.Release|Any CPU.ActiveCfg = Release|Any CPU
		{0D16A3F5-BD73-4D09-BF06-4A1F5FA46AF2}.Release|Any CPU.Build.0 = Release|Any CPU
		{5DF48237-6A01-4FD3-9226-2AF13D65CB79}.Debug|Any CPU.ActiveCfg = Debug|Any CPU
		{5DF48237-6A01-4FD3-9226-2AF13D65CB79}.Debug|Any CPU.Build.0 = Debug|Any CPU
		{5DF48237-6A01-4FD3-9226-2AF13D65CB79}.Release|Any CPU.ActiveCfg = Release|Any CPU
		{5DF48237-6A01-4FD3-9226-2AF13D65CB79}.Release|Any CPU.Build.0 = Release|Any CPU
		{DE7AF232-855E-4232-81D5-49894FE55C73}.Debug|Any CPU.ActiveCfg = Debug|Any CPU
		{DE7AF232-855E-4232-81D5-49894FE55C73}.Debug|Any CPU.Build.0 = Debug|Any CPU
		{DE7AF232-855E-4232-81D5-49894FE55C73}.Release|Any CPU.ActiveCfg = Release|Any CPU
		{DE7AF232-855E-4232-81D5-49894FE55C73}.Release|Any CPU.Build.0 = Release|Any CPU
	EndGlobalSection
	GlobalSection(SolutionProperties) = preSolution
		HideSolutionNode = FALSE
	EndGlobalSection
	GlobalSection(ExtensibilityGlobals) = postSolution
		SolutionGuid = {5CC283A3-4CB7-497D-B0ED-9AA3EFC767C7}
	EndGlobalSection
EndGlobal
